// !$*UTF8*$!
{
	archiveVersion = 1;
	classes = {
	};
	objectVersion = 46;
	objects = {

/* Begin PBXBuildFile section */
		1A19A3D71BCB614700A38E45 /* Category.swift in Sources */ = {isa = PBXBuildFile; fileRef = 1A19A3D61BCB614700A38E45 /* Category.swift */; };
		1A19A3D91BCB616500A38E45 /* Subcategory.swift in Sources */ = {isa = PBXBuildFile; fileRef = 1A19A3D81BCB616500A38E45 /* Subcategory.swift */; };
		1A19A3DB1BCB617000A38E45 /* Transaction.swift in Sources */ = {isa = PBXBuildFile; fileRef = 1A19A3DA1BCB617000A38E45 /* Transaction.swift */; };
		1A19A3DD1BCC454F00A38E45 /* NewTransTableViewController.swift in Sources */ = {isa = PBXBuildFile; fileRef = 1A19A3DC1BCC454F00A38E45 /* NewTransTableViewController.swift */; };
		1A42D4CF1BD45B7A00F85A1D /* CustomHeaderCell.swift in Sources */ = {isa = PBXBuildFile; fileRef = 1A42D4CE1BD45B7A00F85A1D /* CustomHeaderCell.swift */; };
		1A6BD27B1BDB4DA100CCD609 /* CatChooserTableViewController.swift in Sources */ = {isa = PBXBuildFile; fileRef = 1A6BD27A1BDB4DA100CCD609 /* CatChooserTableViewController.swift */; };
		1AA59F541BD49AB200704B98 /* CustomFooterCell.swift in Sources */ = {isa = PBXBuildFile; fileRef = 1AA59F531BD49AB200704B98 /* CustomFooterCell.swift */; };
		1AA59F561BD4A04800704B98 /* BudgetSubcategoryCell.swift in Sources */ = {isa = PBXBuildFile; fileRef = 1AA59F551BD4A04800704B98 /* BudgetSubcategoryCell.swift */; };
		1AC059731BDAE27C0075302E /* SpenRemSubcatCell.swift in Sources */ = {isa = PBXBuildFile; fileRef = 1AC059721BDAE27C0075302E /* SpenRemSubcatCell.swift */; };
		1AC059751BDAE86E0075302E /* CoreDataStackManager.swift in Sources */ = {isa = PBXBuildFile; fileRef = 1AC059741BDAE86E0075302E /* CoreDataStackManager.swift */; };
		1AF10AE61BCB18F400F493D0 /* AppDelegate.swift in Sources */ = {isa = PBXBuildFile; fileRef = 1AF10AE51BCB18F400F493D0 /* AppDelegate.swift */; };
		1AF10AE91BCB18F400F493D0 /* Model.xcdatamodeld in Sources */ = {isa = PBXBuildFile; fileRef = 1AF10AE71BCB18F400F493D0 /* Model.xcdatamodeld */; };
		1AF10AEB1BCB18F400F493D0 /* LoginViewController.swift in Sources */ = {isa = PBXBuildFile; fileRef = 1AF10AEA1BCB18F400F493D0 /* LoginViewController.swift */; };
		1AF10AEE1BCB18F400F493D0 /* Main.storyboard in Resources */ = {isa = PBXBuildFile; fileRef = 1AF10AEC1BCB18F400F493D0 /* Main.storyboard */; };
		1AF10AF01BCB18F400F493D0 /* Images.xcassets in Resources */ = {isa = PBXBuildFile; fileRef = 1AF10AEF1BCB18F400F493D0 /* Images.xcassets */; };
		1AF10AF31BCB18F400F493D0 /* LaunchScreen.xib in Resources */ = {isa = PBXBuildFile; fileRef = 1AF10AF11BCB18F400F493D0 /* LaunchScreen.xib */; };
		1AF10AFF1BCB18F400F493D0 /* Simple_BudgetTests.swift in Sources */ = {isa = PBXBuildFile; fileRef = 1AF10AFE1BCB18F400F493D0 /* Simple_BudgetTests.swift */; };
		1AF10B091BCB19EA00F493D0 /* TextFieldDelegate.swift in Sources */ = {isa = PBXBuildFile; fileRef = 1AF10B081BCB19EA00F493D0 /* TextFieldDelegate.swift */; };
		1AF10B0B1BCB1A2400F493D0 /* CreateUserViewController.swift in Sources */ = {isa = PBXBuildFile; fileRef = 1AF10B0A1BCB1A2400F493D0 /* CreateUserViewController.swift */; };
		1AF10B0D1BCB2EBE00F493D0 /* BudgetViewController.swift in Sources */ = {isa = PBXBuildFile; fileRef = 1AF10B0C1BCB2EBE00F493D0 /* BudgetViewController.swift */; };
		1AFF3DC91BD9F873006B571F /* SpentViewController.swift in Sources */ = {isa = PBXBuildFile; fileRef = 1AFF3DC81BD9F873006B571F /* SpentViewController.swift */; };
		1AFF3DCB1BD9F883006B571F /* RemainingViewController.swift in Sources */ = {isa = PBXBuildFile; fileRef = 1AFF3DCA1BD9F883006B571F /* RemainingViewController.swift */; };
/* End PBXBuildFile section */

/* Begin PBXContainerItemProxy section */
		1AF10AF91BCB18F400F493D0 /* PBXContainerItemProxy */ = {
			isa = PBXContainerItemProxy;
			containerPortal = 1AF10AD81BCB18F400F493D0 /* Project object */;
			proxyType = 1;
			remoteGlobalIDString = 1AF10ADF1BCB18F400F493D0;
			remoteInfo = "Simple Budget";
		};
/* End PBXContainerItemProxy section */

/* Begin PBXFileReference section */
		1A19A3D61BCB614700A38E45 /* Category.swift */ = {isa = PBXFileReference; fileEncoding = 4; lastKnownFileType = sourcecode.swift; path = Category.swift; sourceTree = "<group>"; };
		1A19A3D81BCB616500A38E45 /* Subcategory.swift */ = {isa = PBXFileReference; fileEncoding = 4; lastKnownFileType = sourcecode.swift; path = Subcategory.swift; sourceTree = "<group>"; };
		1A19A3DA1BCB617000A38E45 /* Transaction.swift */ = {isa = PBXFileReference; fileEncoding = 4; lastKnownFileType = sourcecode.swift; path = Transaction.swift; sourceTree = "<group>"; };
		1A19A3DC1BCC454F00A38E45 /* NewTransTableViewController.swift */ = {isa = PBXFileReference; fileEncoding = 4; lastKnownFileType = sourcecode.swift; name = NewTransTableViewController.swift; path = ../NewTransTableViewController.swift; sourceTree = "<group>"; };
		1A42D4CE1BD45B7A00F85A1D /* CustomHeaderCell.swift */ = {isa = PBXFileReference; fileEncoding = 4; lastKnownFileType = sourcecode.swift; path = CustomHeaderCell.swift; sourceTree = "<group>"; };
		1A6BD27A1BDB4DA100CCD609 /* CatChooserTableViewController.swift */ = {isa = PBXFileReference; fileEncoding = 4; lastKnownFileType = sourcecode.swift; path = CatChooserTableViewController.swift; sourceTree = "<group>"; };
		1AA59F531BD49AB200704B98 /* CustomFooterCell.swift */ = {isa = PBXFileReference; fileEncoding = 4; lastKnownFileType = sourcecode.swift; path = CustomFooterCell.swift; sourceTree = "<group>"; };
		1AA59F551BD4A04800704B98 /* BudgetSubcategoryCell.swift */ = {isa = PBXFileReference; fileEncoding = 4; lastKnownFileType = sourcecode.swift; path = BudgetSubcategoryCell.swift; sourceTree = "<group>"; };
		1AC059721BDAE27C0075302E /* SpenRemSubcatCell.swift */ = {isa = PBXFileReference; fileEncoding = 4; lastKnownFileType = sourcecode.swift; name = SpenRemSubcatCell.swift; path = ../SpenRemSubcatCell.swift; sourceTree = "<group>"; };
		1AC059741BDAE86E0075302E /* CoreDataStackManager.swift */ = {isa = PBXFileReference; fileEncoding = 4; lastKnownFileType = sourcecode.swift; path = CoreDataStackManager.swift; sourceTree = "<group>"; };
		1AF10AE01BCB18F400F493D0 /* Simple Budget.app */ = {isa = PBXFileReference; explicitFileType = wrapper.application; includeInIndex = 0; path = "Simple Budget.app"; sourceTree = BUILT_PRODUCTS_DIR; };
		1AF10AE41BCB18F400F493D0 /* Info.plist */ = {isa = PBXFileReference; lastKnownFileType = text.plist.xml; path = Info.plist; sourceTree = "<group>"; };
		1AF10AE51BCB18F400F493D0 /* AppDelegate.swift */ = {isa = PBXFileReference; lastKnownFileType = sourcecode.swift; path = AppDelegate.swift; sourceTree = "<group>"; };
		1AF10AE81BCB18F400F493D0 /* Model.xcdatamodel */ = {isa = PBXFileReference; lastKnownFileType = wrapper.xcdatamodel; path = Model.xcdatamodel; sourceTree = "<group>"; };
		1AF10AEA1BCB18F400F493D0 /* LoginViewController.swift */ = {isa = PBXFileReference; lastKnownFileType = sourcecode.swift; path = LoginViewController.swift; sourceTree = "<group>"; };
		1AF10AED1BCB18F400F493D0 /* Base */ = {isa = PBXFileReference; lastKnownFileType = file.storyboard; name = Base; path = Base.lproj/Main.storyboard; sourceTree = "<group>"; };
		1AF10AEF1BCB18F400F493D0 /* Images.xcassets */ = {isa = PBXFileReference; lastKnownFileType = folder.assetcatalog; path = Images.xcassets; sourceTree = "<group>"; };
		1AF10AF21BCB18F400F493D0 /* Base */ = {isa = PBXFileReference; lastKnownFileType = file.xib; name = Base; path = Base.lproj/LaunchScreen.xib; sourceTree = "<group>"; };
		1AF10AF81BCB18F400F493D0 /* Simple BudgetTests.xctest */ = {isa = PBXFileReference; explicitFileType = wrapper.cfbundle; includeInIndex = 0; path = "Simple BudgetTests.xctest"; sourceTree = BUILT_PRODUCTS_DIR; };
		1AF10AFD1BCB18F400F493D0 /* Info.plist */ = {isa = PBXFileReference; lastKnownFileType = text.plist.xml; path = Info.plist; sourceTree = "<group>"; };
		1AF10AFE1BCB18F400F493D0 /* Simple_BudgetTests.swift */ = {isa = PBXFileReference; lastKnownFileType = sourcecode.swift; path = Simple_BudgetTests.swift; sourceTree = "<group>"; };
		1AF10B081BCB19EA00F493D0 /* TextFieldDelegate.swift */ = {isa = PBXFileReference; fileEncoding = 4; lastKnownFileType = sourcecode.swift; path = TextFieldDelegate.swift; sourceTree = "<group>"; };
		1AF10B0A1BCB1A2400F493D0 /* CreateUserViewController.swift */ = {isa = PBXFileReference; fileEncoding = 4; lastKnownFileType = sourcecode.swift; path = CreateUserViewController.swift; sourceTree = "<group>"; };
		1AF10B0C1BCB2EBE00F493D0 /* BudgetViewController.swift */ = {isa = PBXFileReference; fileEncoding = 4; lastKnownFileType = sourcecode.swift; path = BudgetViewController.swift; sourceTree = "<group>"; };
		1AFF3DC81BD9F873006B571F /* SpentViewController.swift */ = {isa = PBXFileReference; fileEncoding = 4; lastKnownFileType = sourcecode.swift; path = SpentViewController.swift; sourceTree = "<group>"; };
		1AFF3DCA1BD9F883006B571F /* RemainingViewController.swift */ = {isa = PBXFileReference; fileEncoding = 4; lastKnownFileType = sourcecode.swift; path = RemainingViewController.swift; sourceTree = "<group>"; };
/* End PBXFileReference section */

/* Begin PBXFrameworksBuildPhase section */
		1AF10ADD1BCB18F400F493D0 /* Frameworks */ = {
			isa = PBXFrameworksBuildPhase;
			buildActionMask = 2147483647;
			files = (
			);
			runOnlyForDeploymentPostprocessing = 0;
		};
		1AF10AF51BCB18F400F493D0 /* Frameworks */ = {
			isa = PBXFrameworksBuildPhase;
			buildActionMask = 2147483647;
			files = (
			);
			runOnlyForDeploymentPostprocessing = 0;
		};
/* End PBXFrameworksBuildPhase section */

/* Begin PBXGroup section */
		1A19A3D31BCB60FC00A38E45 /* Controller */ = {
			isa = PBXGroup;
			children = (
				1AA59F571BD4A05700704B98 /* Custom Cells */,
				1AFF3DC61BD9F1B9006B571F /* View Controllers */,
			);
			name = Controller;
			sourceTree = "<group>";
		};
		1A19A3D41BCB610F00A38E45 /* View */ = {
			isa = PBXGroup;
			children = (
				1AF10AEC1BCB18F400F493D0 /* Main.storyboard */,
			);
			name = View;
			sourceTree = "<group>";
		};
		1A19A3D51BCB611F00A38E45 /* Model */ = {
			isa = PBXGroup;
			children = (
				1AF10AE51BCB18F400F493D0 /* AppDelegate.swift */,
				1AF10B081BCB19EA00F493D0 /* TextFieldDelegate.swift */,
				1A19A3D61BCB614700A38E45 /* Category.swift */,
				1A19A3D81BCB616500A38E45 /* Subcategory.swift */,
				1A19A3DA1BCB617000A38E45 /* Transaction.swift */,
				1AFF3DC71BD9F1D3006B571F /* Core Data */,
			);
			name = Model;
			sourceTree = "<group>";
		};
		1AA59F571BD4A05700704B98 /* Custom Cells */ = {
			isa = PBXGroup;
			children = (
				1AA59F551BD4A04800704B98 /* BudgetSubcategoryCell.swift */,
				1AC059721BDAE27C0075302E /* SpenRemSubcatCell.swift */,
				1A42D4CE1BD45B7A00F85A1D /* CustomHeaderCell.swift */,
				1AA59F531BD49AB200704B98 /* CustomFooterCell.swift */,
			);
			name = "Custom Cells";
			sourceTree = "<group>";
		};
		1AF10AD71BCB18F400F493D0 = {
			isa = PBXGroup;
			children = (
				1AF10AE21BCB18F400F493D0 /* Simple Budget */,
				1AF10AFB1BCB18F400F493D0 /* Simple BudgetTests */,
				1AF10AE11BCB18F400F493D0 /* Products */,
				A18B4E3F819A8D9D62231FA5 /* Frameworks */,
			);
			sourceTree = "<group>";
		};
		1AF10AE11BCB18F400F493D0 /* Products */ = {
			isa = PBXGroup;
			children = (
				1AF10AE01BCB18F400F493D0 /* Simple Budget.app */,
				1AF10AF81BCB18F400F493D0 /* Simple BudgetTests.xctest */,
			);
			name = Products;
			sourceTree = "<group>";
		};
		1AF10AE21BCB18F400F493D0 /* Simple Budget */ = {
			isa = PBXGroup;
			children = (
				1A19A3D51BCB611F00A38E45 /* Model */,
				1A19A3D41BCB610F00A38E45 /* View */,
				1A19A3D31BCB60FC00A38E45 /* Controller */,
				1AF10AEF1BCB18F400F493D0 /* Images.xcassets */,
				1AF10AF11BCB18F400F493D0 /* LaunchScreen.xib */,
				1AF10AE31BCB18F400F493D0 /* Supporting Files */,
			);
			path = "Simple Budget";
			sourceTree = "<group>";
		};
		1AF10AE31BCB18F400F493D0 /* Supporting Files */ = {
			isa = PBXGroup;
			children = (
				1AF10AE41BCB18F400F493D0 /* Info.plist */,
			);
			name = "Supporting Files";
			sourceTree = "<group>";
		};
		1AF10AFB1BCB18F400F493D0 /* Simple BudgetTests */ = {
			isa = PBXGroup;
			children = (
				1AF10AFE1BCB18F400F493D0 /* Simple_BudgetTests.swift */,
				1AF10AFC1BCB18F400F493D0 /* Supporting Files */,
			);
			path = "Simple BudgetTests";
			sourceTree = "<group>";
		};
		1AF10AFC1BCB18F400F493D0 /* Supporting Files */ = {
			isa = PBXGroup;
			children = (
				1AF10AFD1BCB18F400F493D0 /* Info.plist */,
			);
			name = "Supporting Files";
			sourceTree = "<group>";
		};
		1AFF3DC61BD9F1B9006B571F /* View Controllers */ = {
			isa = PBXGroup;
			children = (
				1AF10AEA1BCB18F400F493D0 /* LoginViewController.swift */,
				1AF10B0A1BCB1A2400F493D0 /* CreateUserViewController.swift */,
				1AF10B0C1BCB2EBE00F493D0 /* BudgetViewController.swift */,
				1AFF3DC81BD9F873006B571F /* SpentViewController.swift */,
				1AFF3DCA1BD9F883006B571F /* RemainingViewController.swift */,
				1A19A3DC1BCC454F00A38E45 /* NewTransTableViewController.swift */,
				1A6BD27A1BDB4DA100CCD609 /* CatChooserTableViewController.swift */,
			);
			name = "View Controllers";
			sourceTree = "<group>";
		};
		1AFF3DC71BD9F1D3006B571F /* Core Data */ = {
			isa = PBXGroup;
			children = (
				1AF10AE71BCB18F400F493D0 /* Model.xcdatamodeld */,
				1AC059741BDAE86E0075302E /* CoreDataStackManager.swift */,
			);
			name = "Core Data";
			sourceTree = "<group>";
		};
		A18B4E3F819A8D9D62231FA5 /* Frameworks */ = {
			isa = PBXGroup;
			children = (
			);
			name = Frameworks;
			sourceTree = "<group>";
		};
/* End PBXGroup section */

/* Begin PBXNativeTarget section */
		1AF10ADF1BCB18F400F493D0 /* Simple Budget */ = {
			isa = PBXNativeTarget;
			buildConfigurationList = 1AF10B021BCB18F400F493D0 /* Build configuration list for PBXNativeTarget "Simple Budget" */;
			buildPhases = (
				1AF10ADC1BCB18F400F493D0 /* Sources */,
				1AF10ADD1BCB18F400F493D0 /* Frameworks */,
				1AF10ADE1BCB18F400F493D0 /* Resources */,
			);
			buildRules = (
			);
			dependencies = (
			);
			name = "Simple Budget";
			productName = "Simple Budget";
			productReference = 1AF10AE01BCB18F400F493D0 /* Simple Budget.app */;
			productType = "com.apple.product-type.application";
		};
		1AF10AF71BCB18F400F493D0 /* Simple BudgetTests */ = {
			isa = PBXNativeTarget;
			buildConfigurationList = 1AF10B051BCB18F400F493D0 /* Build configuration list for PBXNativeTarget "Simple BudgetTests" */;
			buildPhases = (
				1AF10AF41BCB18F400F493D0 /* Sources */,
				1AF10AF51BCB18F400F493D0 /* Frameworks */,
				1AF10AF61BCB18F400F493D0 /* Resources */,
			);
			buildRules = (
			);
			dependencies = (
				1AF10AFA1BCB18F400F493D0 /* PBXTargetDependency */,
			);
			name = "Simple BudgetTests";
			productName = "Simple BudgetTests";
			productReference = 1AF10AF81BCB18F400F493D0 /* Simple BudgetTests.xctest */;
			productType = "com.apple.product-type.bundle.unit-test";
		};
/* End PBXNativeTarget section */

/* Begin PBXProject section */
		1AF10AD81BCB18F400F493D0 /* Project object */ = {
			isa = PBXProject;
			attributes = {
				LastUpgradeCheck = 0640;
				ORGANIZATIONNAME = "Lauren Bongartz";
				TargetAttributes = {
					1AF10ADF1BCB18F400F493D0 = {
						CreatedOnToolsVersion = 6.4;
					};
					1AF10AF71BCB18F400F493D0 = {
						CreatedOnToolsVersion = 6.4;
						TestTargetID = 1AF10ADF1BCB18F400F493D0;
					};
				};
			};
			buildConfigurationList = 1AF10ADB1BCB18F400F493D0 /* Build configuration list for PBXProject "Simple Budget" */;
			compatibilityVersion = "Xcode 3.2";
			developmentRegion = English;
			hasScannedForEncodings = 0;
			knownRegions = (
				en,
				Base,
			);
			mainGroup = 1AF10AD71BCB18F400F493D0;
			productRefGroup = 1AF10AE11BCB18F400F493D0 /* Products */;
			projectDirPath = "";
			projectRoot = "";
			targets = (
				1AF10ADF1BCB18F400F493D0 /* Simple Budget */,
				1AF10AF71BCB18F400F493D0 /* Simple BudgetTests */,
			);
		};
/* End PBXProject section */

/* Begin PBXResourcesBuildPhase section */
		1AF10ADE1BCB18F400F493D0 /* Resources */ = {
			isa = PBXResourcesBuildPhase;
			buildActionMask = 2147483647;
			files = (
				1AF10AEE1BCB18F400F493D0 /* Main.storyboard in Resources */,
				1AF10AF31BCB18F400F493D0 /* LaunchScreen.xib in Resources */,
				1AF10AF01BCB18F400F493D0 /* Images.xcassets in Resources */,
			);
			runOnlyForDeploymentPostprocessing = 0;
		};
		1AF10AF61BCB18F400F493D0 /* Resources */ = {
			isa = PBXResourcesBuildPhase;
			buildActionMask = 2147483647;
			files = (
			);
			runOnlyForDeploymentPostprocessing = 0;
		};
/* End PBXResourcesBuildPhase section */

/* Begin PBXSourcesBuildPhase section */
		1AF10ADC1BCB18F400F493D0 /* Sources */ = {
			isa = PBXSourcesBuildPhase;
			buildActionMask = 2147483647;
			files = (
				1A42D4CF1BD45B7A00F85A1D /* CustomHeaderCell.swift in Sources */,
				1AF10AEB1BCB18F400F493D0 /* LoginViewController.swift in Sources */,
				1A19A3D71BCB614700A38E45 /* Category.swift in Sources */,
				1AC059751BDAE86E0075302E /* CoreDataStackManager.swift in Sources */,
				1AA59F541BD49AB200704B98 /* CustomFooterCell.swift in Sources */,
				1AF10B0D1BCB2EBE00F493D0 /* BudgetViewController.swift in Sources */,
				1AFF3DC91BD9F873006B571F /* SpentViewController.swift in Sources */,
				1AA59F561BD4A04800704B98 /* BudgetSubcategoryCell.swift in Sources */,
				1A6BD27B1BDB4DA100CCD609 /* CatChooserTableViewController.swift in Sources */,
				1AFF3DCB1BD9F883006B571F /* RemainingViewController.swift in Sources */,
				1AF10B0B1BCB1A2400F493D0 /* CreateUserViewController.swift in Sources */,
				1A19A3DD1BCC454F00A38E45 /* NewTransTableViewController.swift in Sources */,
				1AF10AE91BCB18F400F493D0 /* Model.xcdatamodeld in Sources */,
				1AF10B091BCB19EA00F493D0 /* TextFieldDelegate.swift in Sources */,
				1A19A3DB1BCB617000A38E45 /* Transaction.swift in Sources */,
				1A19A3D91BCB616500A38E45 /* Subcategory.swift in Sources */,
				1AC059731BDAE27C0075302E /* SpenRemSubcatCell.swift in Sources */,
				1AF10AE61BCB18F400F493D0 /* AppDelegate.swift in Sources */,
			);
			runOnlyForDeploymentPostprocessing = 0;
		};
		1AF10AF41BCB18F400F493D0 /* Sources */ = {
			isa = PBXSourcesBuildPhase;
			buildActionMask = 2147483647;
			files = (
				1AF10AFF1BCB18F400F493D0 /* Simple_BudgetTests.swift in Sources */,
			);
			runOnlyForDeploymentPostprocessing = 0;
		};
/* End PBXSourcesBuildPhase section */

/* Begin PBXTargetDependency section */
		1AF10AFA1BCB18F400F493D0 /* PBXTargetDependency */ = {
			isa = PBXTargetDependency;
			target = 1AF10ADF1BCB18F400F493D0 /* Simple Budget */;
			targetProxy = 1AF10AF91BCB18F400F493D0 /* PBXContainerItemProxy */;
		};
/* End PBXTargetDependency section */

/* Begin PBXVariantGroup section */
		1AF10AEC1BCB18F400F493D0 /* Main.storyboard */ = {
			isa = PBXVariantGroup;
			children = (
				1AF10AED1BCB18F400F493D0 /* Base */,
			);
			name = Main.storyboard;
			sourceTree = "<group>";
		};
		1AF10AF11BCB18F400F493D0 /* LaunchScreen.xib */ = {
			isa = PBXVariantGroup;
			children = (
				1AF10AF21BCB18F400F493D0 /* Base */,
			);
			name = LaunchScreen.xib;
			sourceTree = "<group>";
		};
/* End PBXVariantGroup section */

/* Begin XCBuildConfiguration section */
		1AF10B001BCB18F400F493D0 /* Debug */ = {
			isa = XCBuildConfiguration;
			buildSettings = {
				ALWAYS_SEARCH_USER_PATHS = NO;
				CLANG_CXX_LANGUAGE_STANDARD = "gnu++0x";
				CLANG_CXX_LIBRARY = "libc++";
				CLANG_ENABLE_MODULES = YES;
				CLANG_ENABLE_OBJC_ARC = YES;
				CLANG_WARN_BOOL_CONVERSION = YES;
				CLANG_WARN_CONSTANT_CONVERSION = YES;
				CLANG_WARN_DIRECT_OBJC_ISA_USAGE = YES_ERROR;
				CLANG_WARN_EMPTY_BODY = YES;
				CLANG_WARN_ENUM_CONVERSION = YES;
				CLANG_WARN_INT_CONVERSION = YES;
				CLANG_WARN_OBJC_ROOT_CLASS = YES_ERROR;
				CLANG_WARN_UNREACHABLE_CODE = YES;
				CLANG_WARN__DUPLICATE_METHOD_MATCH = YES;
				"CODE_SIGN_IDENTITY[sdk=iphoneos*]" = "iPhone Developer";
				COPY_PHASE_STRIP = NO;
				DEBUG_INFORMATION_FORMAT = "dwarf-with-dsym";
				ENABLE_STRICT_OBJC_MSGSEND = YES;
				GCC_C_LANGUAGE_STANDARD = gnu99;
				GCC_DYNAMIC_NO_PIC = NO;
				GCC_NO_COMMON_BLOCKS = YES;
				GCC_OPTIMIZATION_LEVEL = 0;
				GCC_PREPROCESSOR_DEFINITIONS = (
					"DEBUG=1",
					"$(inherited)",
				);
				GCC_SYMBOLS_PRIVATE_EXTERN = NO;
				GCC_WARN_64_TO_32_BIT_CONVERSION = YES;
				GCC_WARN_ABOUT_RETURN_TYPE = YES_ERROR;
				GCC_WARN_UNDECLARED_SELECTOR = YES;
				GCC_WARN_UNINITIALIZED_AUTOS = YES_AGGRESSIVE;
				GCC_WARN_UNUSED_FUNCTION = YES;
				GCC_WARN_UNUSED_VARIABLE = YES;
				IPHONEOS_DEPLOYMENT_TARGET = 8.4;
				MTL_ENABLE_DEBUG_INFO = YES;
				ONLY_ACTIVE_ARCH = YES;
				SDKROOT = iphoneos;
				SWIFT_OPTIMIZATION_LEVEL = "-Onone";
			};
			name = Debug;
		};
		1AF10B011BCB18F400F493D0 /* Release */ = {
			isa = XCBuildConfiguration;
			buildSettings = {
				ALWAYS_SEARCH_USER_PATHS = NO;
				CLANG_CXX_LANGUAGE_STANDARD = "gnu++0x";
				CLANG_CXX_LIBRARY = "libc++";
				CLANG_ENABLE_MODULES = YES;
				CLANG_ENABLE_OBJC_ARC = YES;
				CLANG_WARN_BOOL_CONVERSION = YES;
				CLANG_WARN_CONSTANT_CONVERSION = YES;
				CLANG_WARN_DIRECT_OBJC_ISA_USAGE = YES_ERROR;
				CLANG_WARN_EMPTY_BODY = YES;
				CLANG_WARN_ENUM_CONVERSION = YES;
				CLANG_WARN_INT_CONVERSION = YES;
				CLANG_WARN_OBJC_ROOT_CLASS = YES_ERROR;
				CLANG_WARN_UNREACHABLE_CODE = YES;
				CLANG_WARN__DUPLICATE_METHOD_MATCH = YES;
				"CODE_SIGN_IDENTITY[sdk=iphoneos*]" = "iPhone Developer";
				COPY_PHASE_STRIP = NO;
				DEBUG_INFORMATION_FORMAT = "dwarf-with-dsym";
				ENABLE_NS_ASSERTIONS = NO;
				ENABLE_STRICT_OBJC_MSGSEND = YES;
				GCC_C_LANGUAGE_STANDARD = gnu99;
				GCC_NO_COMMON_BLOCKS = YES;
				GCC_WARN_64_TO_32_BIT_CONVERSION = YES;
				GCC_WARN_ABOUT_RETURN_TYPE = YES_ERROR;
				GCC_WARN_UNDECLARED_SELECTOR = YES;
				GCC_WARN_UNINITIALIZED_AUTOS = YES_AGGRESSIVE;
				GCC_WARN_UNUSED_FUNCTION = YES;
				GCC_WARN_UNUSED_VARIABLE = YES;
				IPHONEOS_DEPLOYMENT_TARGET = 8.4;
				MTL_ENABLE_DEBUG_INFO = NO;
				SDKROOT = iphoneos;
				VALIDATE_PRODUCT = YES;
			};
			name = Release;
		};
		1AF10B031BCB18F400F493D0 /* Debug */ = {
			isa = XCBuildConfiguration;
			buildSettings = {
				ASSETCATALOG_COMPILER_APPICON_NAME = AppIcon;
				INFOPLIST_FILE = "Simple Budget/Info.plist";
				LD_RUNPATH_SEARCH_PATHS = "$(inherited) @executable_path/Frameworks";
				PRODUCT_NAME = "$(TARGET_NAME)";
			};
			name = Debug;
		};
		1AF10B041BCB18F400F493D0 /* Release */ = {
			isa = XCBuildConfiguration;
			buildSettings = {
				ASSETCATALOG_COMPILER_APPICON_NAME = AppIcon;
				INFOPLIST_FILE = "Simple Budget/Info.plist";
				LD_RUNPATH_SEARCH_PATHS = "$(inherited) @executable_path/Frameworks";
				PRODUCT_NAME = "$(TARGET_NAME)";
			};
			name = Release;
		};
		1AF10B061BCB18F400F493D0 /* Debug */ = {
			isa = XCBuildConfiguration;
			buildSettings = {
				BUNDLE_LOADER = "$(TEST_HOST)";
				FRAMEWORK_SEARCH_PATHS = (
					"$(SDKROOT)/Developer/Library/Frameworks",
					"$(inherited)",
				);
				GCC_PREPROCESSOR_DEFINITIONS = (
					"DEBUG=1",
					"$(inherited)",
				);
				INFOPLIST_FILE = "Simple BudgetTests/Info.plist";
				LD_RUNPATH_SEARCH_PATHS = "$(inherited) @executable_path/Frameworks @loader_path/Frameworks";
				PRODUCT_NAME = "$(TARGET_NAME)";
				TEST_HOST = "$(BUILT_PRODUCTS_DIR)/Simple Budget.app/Simple Budget";
			};
			name = Debug;
		};
		1AF10B071BCB18F400F493D0 /* Release */ = {
			isa = XCBuildConfiguration;
			buildSettings = {
				BUNDLE_LOADER = "$(TEST_HOST)";
				FRAMEWORK_SEARCH_PATHS = (
					"$(SDKROOT)/Developer/Library/Frameworks",
					"$(inherited)",
				);
				INFOPLIST_FILE = "Simple BudgetTests/Info.plist";
				LD_RUNPATH_SEARCH_PATHS = "$(inherited) @executable_path/Frameworks @loader_path/Frameworks";
				PRODUCT_NAME = "$(TARGET_NAME)";
				TEST_HOST = "$(BUILT_PRODUCTS_DIR)/Simple Budget.app/Simple Budget";
			};
			name = Release;
		};
/* End XCBuildConfiguration section */

/* Begin XCConfigurationList section */
		1AF10ADB1BCB18F400F493D0 /* Build configuration list for PBXProject "Simple Budget" */ = {
			isa = XCConfigurationList;
			buildConfigurations = (
				1AF10B001BCB18F400F493D0 /* Debug */,
				1AF10B011BCB18F400F493D0 /* Release */,
			);
			defaultConfigurationIsVisible = 0;
			defaultConfigurationName = Release;
		};
		1AF10B021BCB18F400F493D0 /* Build configuration list for PBXNativeTarget "Simple Budget" */ = {
			isa = XCConfigurationList;
			buildConfigurations = (
				1AF10B031BCB18F400F493D0 /* Debug */,
				1AF10B041BCB18F400F493D0 /* Release */,
			);
			defaultConfigurationIsVisible = 0;
			defaultConfigurationName = Release;
		};
		1AF10B051BCB18F400F493D0 /* Build configuration list for PBXNativeTarget "Simple BudgetTests" */ = {
			isa = XCConfigurationList;
			buildConfigurations = (
				1AF10B061BCB18F400F493D0 /* Debug */,
				1AF10B071BCB18F400F493D0 /* Release */,
			);
			defaultConfigurationIsVisible = 0;
			defaultConfigurationName = Release;
		};
/* End XCConfigurationList section */

/* Begin XCVersionGroup section */
		1AF10AE71BCB18F400F493D0 /* Model.xcdatamodeld */ = {
			isa = XCVersionGroup;
			children = (
				1AF10AE81BCB18F400F493D0 /* Model.xcdatamodel */,
			);
			currentVersion = 1AF10AE81BCB18F400F493D0 /* Model.xcdatamodel */;
			path = Model.xcdatamodeld;
			sourceTree = "<group>";
			versionGroupType = wrapper.xcdatamodel;
		};
/* End XCVersionGroup section */
	};
	rootObject = 1AF10AD81BCB18F400F493D0 /* Project object */;
}
